
Microsoft Visual Studio Solution File, Format Version 12.00
# Visual Studio 14
VisualStudioVersion = 14.0.25123.0
MinimumVisualStudioVersion = 10.0.40219.1
Project("{8BC9CEB8-8B4A-11D0-8D11-00A0C91BC942}") = "Timeline", "Timeline\Timeline.vcxproj", "{27FB7279-2229-4EA4-B71D-A364ACC439AC}"
EndProject
Project("{8BC9CEB8-8B4A-11D0-8D11-00A0C91BC942}") = "ModelLoader", "ModelLoader\ModelLoader.vcxproj", "{B6E5412B-A5FE-4CF5-8B90-3058C5B74697}"
EndProject
Project("{8BC9CEB8-8B4A-11D0-8D11-00A0C91BC942}") = "AssimpInspector", "AssimpInspector\AssimpInspector.vcxproj", "{FC7A0DD6-F68D-44C6-A88F-E7FAE89386D4}"
EndProject
Global
	GlobalSection(SolutionConfigurationPlatforms) = preSolution
		Debug|x64 = Debug|x64
		Debug|x86 = Debug|x86
		Release|x64 = Release|x64
		Release|x86 = Release|x86
	EndGlobalSection
	GlobalSection(ProjectConfigurationPlatforms) = postSolution
		{27FB7279-2229-4EA4-B71D-A364ACC439AC}.Debug|x64.ActiveCfg = Debug|x64
		{27FB7279-2229-4EA4-B71D-A364ACC439AC}.Debug|x64.Build.0 = Debug|x64
		{27FB7279-2229-4EA4-B71D-A364ACC439AC}.Debug|x86.ActiveCfg = Debug|Win32
		{27FB7279-2229-4EA4-B71D-A364ACC439AC}.Debug|x86.Build.0 = Debug|Win32
		{27FB7279-2229-4EA4-B71D-A364ACC439AC}.Release|x64.ActiveCfg = Release|x64
		{27FB7279-2229-4EA4-B71D-A364ACC439AC}.Release|x64.Build.0 = Release|x64
		{27FB7279-2229-4EA4-B71D-A364ACC439AC}.Release|x86.ActiveCfg = Release|Win32
		{27FB7279-2229-4EA4-B71D-A364ACC439AC}.Release|x86.Build.0 = Release|Win32
		{B6E5412B-A5FE-4CF5-8B90-3058C5B74697}.Debug|x64.ActiveCfg = Debug|x64
		{B6E5412B-A5FE-4CF5-8B90-3058C5B74697}.Debug|x64.Build.0 = Debug|x64
		{B6E5412B-A5FE-4CF5-8B90-3058C5B74697}.Debug|x86.ActiveCfg = Debug|Win32
		{B6E5412B-A5FE-4CF5-8B90-3058C5B74697}.Debug|x86.Build.0 = Debug|Win32
		{B6E5412B-A5FE-4CF5-8B90-3058C5B74697}.Release|x64.ActiveCfg = Release|x64
		{B6E5412B-A5FE-4CF5-8B90-3058C5B74697}.Release|x64.Build.0 = Release|x64
		{B6E5412B-A5FE-4CF5-8B90-3058C5B74697}.Release|x86.ActiveCfg = Release|Win32
		{B6E5412B-A5FE-4CF5-8B90-3058C5B74697}.Release|x86.Build.0 = Release|Win32
		{FC7A0DD6-F68D-44C6-A88F-E7FAE89386D4}.Debug|x64.ActiveCfg = Debug|x64
		{FC7A0DD6-F68D-44C6-A88F-E7FAE89386D4}.Debug|x64.Build.0 = Debug|x64
		{FC7A0DD6-F68D-44C6-A88F-E7FAE89386D4}.Debug|x86.ActiveCfg = Debug|Win32
		{FC7A0DD6-F68D-44C6-A88F-E7FAE89386D4}.Debug|x86.Build.0 = Debug|Win32
		{FC7A0DD6-F68D-44C6-A88F-E7FAE89386D4}.Release|x64.ActiveCfg = Release|x64
		{FC7A0DD6-F68D-44C6-A88F-E7FAE89386D4}.Release|x64.Build.0 = Release|x64
		{FC7A0DD6-F68D-44C6-A88F-E7FAE89386D4}.Release|x86.ActiveCfg = Release|Win32
		{FC7A0DD6-F68D-44C6-A88F-E7FAE89386D4}.Release|x86.Build.0 = Release|Win32
	EndGlobalSection
	GlobalSection(SolutionProperties) = preSolution
		HideSolutionNode = FALSE
	EndGlobalSection
EndGlobal
